
Microsoft Visual Studio Solution File, Format Version 12.00
# Visual Studio Version 17
VisualStudioVersion = 17.5.33516.290
MinimumVisualStudioVersion = 10.0.40219.1
Project("{FAE04EC0-301F-11D3-BF4B-00C04F79EFBC}") = "WebOdevi", "WebOdevi\WebOdevi.csproj", "{C485F236-77C2-46D5-85F4-275453F48243}"
EndProject
Global
	GlobalSection(SolutionConfigurationPlatforms) = preSolution
		Debug|Any CPU = Debug|Any CPU
		Release|Any CPU = Release|Any CPU
	EndGlobalSection
	GlobalSection(ProjectConfigurationPlatforms) = postSolution
		{C485F236-77C2-46D5-85F4-275453F48243}.Debug|Any CPU.ActiveCfg = Debug|Any CPU
		{C485F236-77C2-46D5-85F4-275453F48243}.Debug|Any CPU.Build.0 = Debug|Any CPU
		{C485F236-77C2-46D5-85F4-275453F48243}.Release|Any CPU.ActiveCfg = Release|Any CPU
		{C485F236-77C2-46D5-85F4-275453F48243}.Release|Any CPU.Build.0 = Release|Any CPU
	EndGlobalSection
	GlobalSection(SolutionProperties) = preSolution
		HideSolutionNode = FALSE
	EndGlobalSection
	GlobalSection(ExtensibilityGlobals) = postSolution
		SolutionGuid = {90F46A39-CE42-4AE9-AD99-B33491F16D42}
	EndGlobalSection
EndGlobal
